// !$*UTF8*$!
{
	archiveVersion = 1;
	classes = {
	};
	objectVersion = 56;
	objects = {

/* Begin PBXBuildFile section */
		040D74AF29F991F40043B508 /* BadgeSymbol.swift in Sources */ = {isa = PBXBuildFile; fileRef = 040D74AE29F991F40043B508 /* BadgeSymbol.swift */; };
		040D74B329F994020043B508 /* RotatedBadgeSymbol.swift in Sources */ = {isa = PBXBuildFile; fileRef = 040D74B229F994020043B508 /* RotatedBadgeSymbol.swift */; };
		040D74B529F995070043B508 /* Badge.swift in Sources */ = {isa = PBXBuildFile; fileRef = 040D74B429F995070043B508 /* Badge.swift */; };
		040D74B829F99C710043B508 /* hikeData.json in Resources */ = {isa = PBXBuildFile; fileRef = 040D74B729F99C710043B508 /* hikeData.json */; };
		040D74BA29F99E000043B508 /* Hike.swift in Sources */ = {isa = PBXBuildFile; fileRef = 040D74B929F99E000043B508 /* Hike.swift */; };
		040D74C029F99E920043B508 /* GraphCapsule.swift in Sources */ = {isa = PBXBuildFile; fileRef = 040D74BC29F99E920043B508 /* GraphCapsule.swift */; };
		040D74C129F99E920043B508 /* HikeGraph.swift in Sources */ = {isa = PBXBuildFile; fileRef = 040D74BD29F99E920043B508 /* HikeGraph.swift */; };
		040D74C229F99E920043B508 /* HikeDetail.swift in Sources */ = {isa = PBXBuildFile; fileRef = 040D74BE29F99E920043B508 /* HikeDetail.swift */; };
		040D74C329F99E920043B508 /* HikeView.swift in Sources */ = {isa = PBXBuildFile; fileRef = 040D74BF29F99E920043B508 /* HikeView.swift */; };
		040D74C629FA44D00043B508 /* CategoryHome.swift in Sources */ = {isa = PBXBuildFile; fileRef = 040D74C529FA44D00043B508 /* CategoryHome.swift */; };
		048EB18429E4EDA300131673 /* _706012110018_Vebrillia_Santoso_AFL3App.swift in Sources */ = {isa = PBXBuildFile; fileRef = 048EB18329E4EDA300131673 /* _706012110018_Vebrillia_Santoso_AFL3App.swift */; };
		048EB18629E4EDA300131673 /* ContentView.swift in Sources */ = {isa = PBXBuildFile; fileRef = 048EB18529E4EDA300131673 /* ContentView.swift */; };
		048EB18829E4EDA600131673 /* Assets.xcassets in Resources */ = {isa = PBXBuildFile; fileRef = 048EB18729E4EDA600131673 /* Assets.xcassets */; };
		048EB18B29E4EDA600131673 /* Preview Assets.xcassets in Resources */ = {isa = PBXBuildFile; fileRef = 048EB18A29E4EDA600131673 /* Preview Assets.xcassets */; };
		048EB19329E4F6A000131673 /* CircleImage.swift in Sources */ = {isa = PBXBuildFile; fileRef = 048EB19229E4F6A000131673 /* CircleImage.swift */; };
		048EB19529E4F7F300131673 /* MapView.swift in Sources */ = {isa = PBXBuildFile; fileRef = 048EB19429E4F7F300131673 /* MapView.swift */; };
		048EB19729E8E69300131673 /* landmarkData.json in Resources */ = {isa = PBXBuildFile; fileRef = 048EB19629E8E69300131673 /* landmarkData.json */; };
		048EB19929E8E6B900131673 /* Landmark.swift in Sources */ = {isa = PBXBuildFile; fileRef = 048EB19829E8E6B900131673 /* Landmark.swift */; };
		048EB19D29E8E9BF00131673 /* ModelData.swift in Sources */ = {isa = PBXBuildFile; fileRef = 048EB19C29E8E9BF00131673 /* ModelData.swift */; };
		048EB1A329E8ECB000131673 /* LandmarkRow.swift in Sources */ = {isa = PBXBuildFile; fileRef = 048EB1A229E8ECB000131673 /* LandmarkRow.swift */; };
		048EB1A529E8EF4E00131673 /* LandmarkList.swift in Sources */ = {isa = PBXBuildFile; fileRef = 048EB1A429E8EF4E00131673 /* LandmarkList.swift */; };
		048EB1A729E8F18900131673 /* LandmarkDetail.swift in Sources */ = {isa = PBXBuildFile; fileRef = 048EB1A629E8F18900131673 /* LandmarkDetail.swift */; };
		048EB1A929E8FE8B00131673 /* FavoriteButton.swift in Sources */ = {isa = PBXBuildFile; fileRef = 048EB1A829E8FE8B00131673 /* FavoriteButton.swift */; };
		048EB1AD29E9009800131673 /* HexagonParameters.swift in Sources */ = {isa = PBXBuildFile; fileRef = 048EB1AC29E9009800131673 /* HexagonParameters.swift */; };
		048EB1AF29E901C700131673 /* BadgeBackground.swift in Sources */ = {isa = PBXBuildFile; fileRef = 048EB1AE29E901C700131673 /* BadgeBackground.swift */; };
/* End PBXBuildFile section */

/* Begin PBXFileReference section */
		040D74AE29F991F40043B508 /* BadgeSymbol.swift */ = {isa = PBXFileReference; lastKnownFileType = sourcecode.swift; path = BadgeSymbol.swift; sourceTree = "<group>"; };
		040D74B229F994020043B508 /* RotatedBadgeSymbol.swift */ = {isa = PBXFileReference; lastKnownFileType = sourcecode.swift; path = RotatedBadgeSymbol.swift; sourceTree = "<group>"; };
		040D74B429F995070043B508 /* Badge.swift */ = {isa = PBXFileReference; lastKnownFileType = sourcecode.swift; path = Badge.swift; sourceTree = "<group>"; };
		040D74B729F99C710043B508 /* hikeData.json */ = {isa = PBXFileReference; fileEncoding = 4; lastKnownFileType = text.json; path = hikeData.json; sourceTree = "<group>"; };
		040D74B929F99E000043B508 /* Hike.swift */ = {isa = PBXFileReference; lastKnownFileType = sourcecode.swift; path = Hike.swift; sourceTree = "<group>"; };
		040D74BC29F99E920043B508 /* GraphCapsule.swift */ = {isa = PBXFileReference; fileEncoding = 4; lastKnownFileType = sourcecode.swift; path = GraphCapsule.swift; sourceTree = "<group>"; };
		040D74BD29F99E920043B508 /* HikeGraph.swift */ = {isa = PBXFileReference; fileEncoding = 4; lastKnownFileType = sourcecode.swift; path = HikeGraph.swift; sourceTree = "<group>"; };
		040D74BE29F99E920043B508 /* HikeDetail.swift */ = {isa = PBXFileReference; fileEncoding = 4; lastKnownFileType = sourcecode.swift; path = HikeDetail.swift; sourceTree = "<group>"; };
		040D74BF29F99E920043B508 /* HikeView.swift */ = {isa = PBXFileReference; fileEncoding = 4; lastKnownFileType = sourcecode.swift; path = HikeView.swift; sourceTree = "<group>"; };
		040D74C529FA44D00043B508 /* CategoryHome.swift */ = {isa = PBXFileReference; lastKnownFileType = sourcecode.swift; path = CategoryHome.swift; sourceTree = "<group>"; };
		048EB18029E4EDA300131673 /* 0706012110018-Vebrillia Santoso-AFL3.app */ = {isa = PBXFileReference; explicitFileType = wrapper.application; includeInIndex = 0; path = "0706012110018-Vebrillia Santoso-AFL3.app"; sourceTree = BUILT_PRODUCTS_DIR; };
		048EB18329E4EDA300131673 /* _706012110018_Vebrillia_Santoso_AFL3App.swift */ = {isa = PBXFileReference; lastKnownFileType = sourcecode.swift; path = _706012110018_Vebrillia_Santoso_AFL3App.swift; sourceTree = "<group>"; };
		048EB18529E4EDA300131673 /* ContentView.swift */ = {isa = PBXFileReference; lastKnownFileType = sourcecode.swift; path = ContentView.swift; sourceTree = "<group>"; };
		048EB18729E4EDA600131673 /* Assets.xcassets */ = {isa = PBXFileReference; lastKnownFileType = folder.assetcatalog; path = Assets.xcassets; sourceTree = "<group>"; };
		048EB18A29E4EDA600131673 /* Preview Assets.xcassets */ = {isa = PBXFileReference; lastKnownFileType = folder.assetcatalog; path = "Preview Assets.xcassets"; sourceTree = "<group>"; };
		048EB18C29E4EDA600131673 /* _706012110018_Vebrillia_Santoso_AFL3.entitlements */ = {isa = PBXFileReference; lastKnownFileType = text.plist.entitlements; path = _706012110018_Vebrillia_Santoso_AFL3.entitlements; sourceTree = "<group>"; };
		048EB19229E4F6A000131673 /* CircleImage.swift */ = {isa = PBXFileReference; lastKnownFileType = sourcecode.swift; path = CircleImage.swift; sourceTree = "<group>"; };
		048EB19429E4F7F300131673 /* MapView.swift */ = {isa = PBXFileReference; lastKnownFileType = sourcecode.swift; path = MapView.swift; sourceTree = "<group>"; };
		048EB19629E8E69300131673 /* landmarkData.json */ = {isa = PBXFileReference; fileEncoding = 4; lastKnownFileType = text.json; path = landmarkData.json; sourceTree = "<group>"; };
		048EB19829E8E6B900131673 /* Landmark.swift */ = {isa = PBXFileReference; lastKnownFileType = sourcecode.swift; path = Landmark.swift; sourceTree = "<group>"; };
		048EB19C29E8E9BF00131673 /* ModelData.swift */ = {isa = PBXFileReference; lastKnownFileType = sourcecode.swift; path = ModelData.swift; sourceTree = "<group>"; };
		048EB1A229E8ECB000131673 /* LandmarkRow.swift */ = {isa = PBXFileReference; lastKnownFileType = sourcecode.swift; path = LandmarkRow.swift; sourceTree = "<group>"; };
		048EB1A429E8EF4E00131673 /* LandmarkList.swift */ = {isa = PBXFileReference; lastKnownFileType = sourcecode.swift; path = LandmarkList.swift; sourceTree = "<group>"; };
		048EB1A629E8F18900131673 /* LandmarkDetail.swift */ = {isa = PBXFileReference; lastKnownFileType = sourcecode.swift; path = LandmarkDetail.swift; sourceTree = "<group>"; };
		048EB1A829E8FE8B00131673 /* FavoriteButton.swift */ = {isa = PBXFileReference; lastKnownFileType = sourcecode.swift; path = FavoriteButton.swift; sourceTree = "<group>"; };
		048EB1AC29E9009800131673 /* HexagonParameters.swift */ = {isa = PBXFileReference; lastKnownFileType = sourcecode.swift; path = HexagonParameters.swift; sourceTree = "<group>"; };
		048EB1AE29E901C700131673 /* BadgeBackground.swift */ = {isa = PBXFileReference; lastKnownFileType = sourcecode.swift; path = BadgeBackground.swift; sourceTree = "<group>"; };
/* End PBXFileReference section */

/* Begin PBXFrameworksBuildPhase section */
		048EB17D29E4EDA300131673 /* Frameworks */ = {
			isa = PBXFrameworksBuildPhase;
			buildActionMask = 2147483647;
			files = (
			);
			runOnlyForDeploymentPostprocessing = 0;
		};
/* End PBXFrameworksBuildPhase section */

/* Begin PBXGroup section */
		040D74B629F996300043B508 /* Badges */ = {
			isa = PBXGroup;
			children = (
				040D74B429F995070043B508 /* Badge.swift */,
				048EB1AE29E901C700131673 /* BadgeBackground.swift */,
				040D74AE29F991F40043B508 /* BadgeSymbol.swift */,
				040D74B229F994020043B508 /* RotatedBadgeSymbol.swift */,
				048EB1AC29E9009800131673 /* HexagonParameters.swift */,
			);
			path = Badges;
			sourceTree = "<group>";
		};
		040D74BB29F99E920043B508 /* Hikes */ = {
			isa = PBXGroup;
			children = (
				040D74BC29F99E920043B508 /* GraphCapsule.swift */,
				040D74BD29F99E920043B508 /* HikeGraph.swift */,
				040D74BE29F99E920043B508 /* HikeDetail.swift */,
				040D74BF29F99E920043B508 /* HikeView.swift */,
			);
			path = Hikes;
			sourceTree = "<group>";
		};
		040D74C429FA44A30043B508 /* Categories */ = {
			isa = PBXGroup;
			children = (
				040D74C529FA44D00043B508 /* CategoryHome.swift */,
			);
			path = Categories;
			sourceTree = "<group>";
		};
		048EB17729E4EDA300131673 = {
			isa = PBXGroup;
			children = (
				048EB18229E4EDA300131673 /* 0706012110018-Vebrillia Santoso-AFL3 */,
				048EB18129E4EDA300131673 /* Products */,
			);
			sourceTree = "<group>";
		};
		048EB18129E4EDA300131673 /* Products */ = {
			isa = PBXGroup;
			children = (
				048EB18029E4EDA300131673 /* 0706012110018-Vebrillia Santoso-AFL3.app */,
			);
			name = Products;
			sourceTree = "<group>";
		};
		048EB18229E4EDA300131673 /* 0706012110018-Vebrillia Santoso-AFL3 */ = {
			isa = PBXGroup;
			children = (
				048EB18329E4EDA300131673 /* _706012110018_Vebrillia_Santoso_AFL3App.swift */,
				048EB18729E4EDA600131673 /* Assets.xcassets */,
				048EB18C29E4EDA600131673 /* _706012110018_Vebrillia_Santoso_AFL3.entitlements */,
				048EB1A129E8EB0000131673 /* Model */,
				048EB19E29E8EA7B00131673 /* Views */,
				048EB19F29E8EAD500131673 /* Resouces */,
				048EB18929E4EDA600131673 /* Preview Content */,
			);
			path = "0706012110018-Vebrillia Santoso-AFL3";
			sourceTree = "<group>";
		};
		048EB18929E4EDA600131673 /* Preview Content */ = {
			isa = PBXGroup;
			children = (
				048EB18A29E4EDA600131673 /* Preview Assets.xcassets */,
			);
			path = "Preview Content";
			sourceTree = "<group>";
		};
		048EB19E29E8EA7B00131673 /* Views */ = {
			isa = PBXGroup;
			children = (
				048EB18529E4EDA300131673 /* ContentView.swift */,
				040D74C429FA44A30043B508 /* Categories */,
				040D74BB29F99E920043B508 /* Hikes */,
				048EB1AB29E8FF5400131673 /* Landmarks */,
				040D74B629F996300043B508 /* Badges */,
				048EB1AA29E8FEBD00131673 /* Helpers */,
			);
			path = Views;
			sourceTree = "<group>";
		};
		048EB19F29E8EAD500131673 /* Resouces */ = {
			isa = PBXGroup;
			children = (
				040D74B729F99C710043B508 /* hikeData.json */,
				048EB19629E8E69300131673 /* landmarkData.json */,
			);
			path = Resouces;
			sourceTree = "<group>";
		};
		048EB1A129E8EB0000131673 /* Model */ = {
			isa = PBXGroup;
			children = (
				048EB19C29E8E9BF00131673 /* ModelData.swift */,
				048EB19829E8E6B900131673 /* Landmark.swift */,
				040D74B929F99E000043B508 /* Hike.swift */,
			);
			path = Model;
			sourceTree = "<group>";
		};
		048EB1AA29E8FEBD00131673 /* Helpers */ = {
			isa = PBXGroup;
			children = (
				048EB19229E4F6A000131673 /* CircleImage.swift */,
				048EB19429E4F7F300131673 /* MapView.swift */,
				048EB1A829E8FE8B00131673 /* FavoriteButton.swift */,
			);
			path = Helpers;
			sourceTree = "<group>";
		};
		048EB1AB29E8FF5400131673 /* Landmarks */ = {
			isa = PBXGroup;
			children = (
				048EB1A229E8ECB000131673 /* LandmarkRow.swift */,
				048EB1A429E8EF4E00131673 /* LandmarkList.swift */,
				048EB1A629E8F18900131673 /* LandmarkDetail.swift */,
			);
			path = Landmarks;
			sourceTree = "<group>";
		};
/* End PBXGroup section */

/* Begin PBXNativeTarget section */
		048EB17F29E4EDA300131673 /* 0706012110018-Vebrillia Santoso-AFL3 */ = {
			isa = PBXNativeTarget;
			buildConfigurationList = 048EB18F29E4EDA600131673 /* Build configuration list for PBXNativeTarget "0706012110018-Vebrillia Santoso-AFL3" */;
			buildPhases = (
				048EB17C29E4EDA300131673 /* Sources */,
				048EB17D29E4EDA300131673 /* Frameworks */,
				048EB17E29E4EDA300131673 /* Resources */,
			);
			buildRules = (
			);
			dependencies = (
			);
			name = "0706012110018-Vebrillia Santoso-AFL3";
			productName = "0706012110018-Vebrillia Santoso-AFL3";
			productReference = 048EB18029E4EDA300131673 /* 0706012110018-Vebrillia Santoso-AFL3.app */;
			productType = "com.apple.product-type.application";
		};
/* End PBXNativeTarget section */

/* Begin PBXProject section */
		048EB17829E4EDA300131673 /* Project object */ = {
			isa = PBXProject;
			attributes = {
				BuildIndependentTargetsInParallel = 1;
				LastSwiftUpdateCheck = 1420;
				LastUpgradeCheck = 1420;
				TargetAttributes = {
					048EB17F29E4EDA300131673 = {
						CreatedOnToolsVersion = 14.2;
					};
				};
			};
			buildConfigurationList = 048EB17B29E4EDA300131673 /* Build configuration list for PBXProject "0706012110018-Vebrillia Santoso-AFL3" */;
			compatibilityVersion = "Xcode 14.0";
			developmentRegion = en;
			hasScannedForEncodings = 0;
			knownRegions = (
				en,
				Base,
			);
			mainGroup = 048EB17729E4EDA300131673;
			productRefGroup = 048EB18129E4EDA300131673 /* Products */;
			projectDirPath = "";
			projectRoot = "";
			targets = (
				048EB17F29E4EDA300131673 /* 0706012110018-Vebrillia Santoso-AFL3 */,
			);
		};
/* End PBXProject section */

/* Begin PBXResourcesBuildPhase section */
		048EB17E29E4EDA300131673 /* Resources */ = {
			isa = PBXResourcesBuildPhase;
			buildActionMask = 2147483647;
			files = (
				040D74B829F99C710043B508 /* hikeData.json in Resources */,
				048EB18B29E4EDA600131673 /* Preview Assets.xcassets in Resources */,
				048EB18829E4EDA600131673 /* Assets.xcassets in Resources */,
				048EB19729E8E69300131673 /* landmarkData.json in Resources */,
			);
			runOnlyForDeploymentPostprocessing = 0;
		};
/* End PBXResourcesBuildPhase section */

/* Begin PBXSourcesBuildPhase section */
		048EB17C29E4EDA300131673 /* Sources */ = {
			isa = PBXSourcesBuildPhase;
			buildActionMask = 2147483647;
			files = (
				048EB18629E4EDA300131673 /* ContentView.swift in Sources */,
				040D74C629FA44D00043B508 /* CategoryHome.swift in Sources */,
				040D74C129F99E920043B508 /* HikeGraph.swift in Sources */,
				040D74B529F995070043B508 /* Badge.swift in Sources */,
				048EB19529E4F7F300131673 /* MapView.swift in Sources */,
				040D74C029F99E920043B508 /* GraphCapsule.swift in Sources */,
				048EB18429E4EDA300131673 /* _706012110018_Vebrillia_Santoso_AFL3App.swift in Sources */,
				048EB1A929E8FE8B00131673 /* FavoriteButton.swift in Sources */,
				040D74C229F99E920043B508 /* HikeDetail.swift in Sources */,
				048EB1AD29E9009800131673 /* HexagonParameters.swift in Sources */,
				040D74BA29F99E000043B508 /* Hike.swift in Sources */,
				040D74B329F994020043B508 /* RotatedBadgeSymbol.swift in Sources */,
				040D74AF29F991F40043B508 /* BadgeSymbol.swift in Sources */,
				048EB1A529E8EF4E00131673 /* LandmarkList.swift in Sources */,
				040D74C329F99E920043B508 /* HikeView.swift in Sources */,
				048EB1A729E8F18900131673 /* LandmarkDetail.swift in Sources */,
				048EB1AF29E901C700131673 /* BadgeBackground.swift in Sources */,
				048EB19329E4F6A000131673 /* CircleImage.swift in Sources */,
				048EB19929E8E6B900131673 /* Landmark.swift in Sources */,
				048EB1A329E8ECB000131673 /* LandmarkRow.swift in Sources */,
				048EB19D29E8E9BF00131673 /* ModelData.swift in Sources */,
			);
			runOnlyForDeploymentPostprocessing = 0;
		};
/* End PBXSourcesBuildPhase section */

/* Begin XCBuildConfiguration section */
		048EB18D29E4EDA600131673 /* Debug */ = {
			isa = XCBuildConfiguration;
			buildSettings = {
				ALWAYS_SEARCH_USER_PATHS = NO;
				CLANG_ANALYZER_NONNULL = YES;
				CLANG_ANALYZER_NUMBER_OBJECT_CONVERSION = YES_AGGRESSIVE;
				CLANG_CXX_LANGUAGE_STANDARD = "gnu++20";
				CLANG_ENABLE_MODULES = YES;
				CLANG_ENABLE_OBJC_ARC = YES;
				CLANG_ENABLE_OBJC_WEAK = YES;
				CLANG_WARN_BLOCK_CAPTURE_AUTORELEASING = YES;
				CLANG_WARN_BOOL_CONVERSION = YES;
				CLANG_WARN_COMMA = YES;
				CLANG_WARN_CONSTANT_CONVERSION = YES;
				CLANG_WARN_DEPRECATED_OBJC_IMPLEMENTATIONS = YES;
				CLANG_WARN_DIRECT_OBJC_ISA_USAGE = YES_ERROR;
				CLANG_WARN_DOCUMENTATION_COMMENTS = YES;
				CLANG_WARN_EMPTY_BODY = YES;
				CLANG_WARN_ENUM_CONVERSION = YES;
				CLANG_WARN_INFINITE_RECURSION = YES;
				CLANG_WARN_INT_CONVERSION = YES;
				CLANG_WARN_NON_LITERAL_NULL_CONVERSION = YES;
				CLANG_WARN_OBJC_IMPLICIT_RETAIN_SELF = YES;
				CLANG_WARN_OBJC_LITERAL_CONVERSION = YES;
				CLANG_WARN_OBJC_ROOT_CLASS = YES_ERROR;
				CLANG_WARN_QUOTED_INCLUDE_IN_FRAMEWORK_HEADER = YES;
				CLANG_WARN_RANGE_LOOP_ANALYSIS = YES;
				CLANG_WARN_STRICT_PROTOTYPES = YES;
				CLANG_WARN_SUSPICIOUS_MOVE = YES;
				CLANG_WARN_UNGUARDED_AVAILABILITY = YES_AGGRESSIVE;
				CLANG_WARN_UNREACHABLE_CODE = YES;
				CLANG_WARN__DUPLICATE_METHOD_MATCH = YES;
				COPY_PHASE_STRIP = NO;
				DEBUG_INFORMATION_FORMAT = dwarf;
				ENABLE_STRICT_OBJC_MSGSEND = YES;
				ENABLE_TESTABILITY = YES;
				GCC_C_LANGUAGE_STANDARD = gnu11;
				GCC_DYNAMIC_NO_PIC = NO;
				GCC_NO_COMMON_BLOCKS = YES;
				GCC_OPTIMIZATION_LEVEL = 0;
				GCC_PREPROCESSOR_DEFINITIONS = (
					"DEBUG=1",
					"$(inherited)",
				);
				GCC_WARN_64_TO_32_BIT_CONVERSION = YES;
				GCC_WARN_ABOUT_RETURN_TYPE = YES_ERROR;
				GCC_WARN_UNDECLARED_SELECTOR = YES;
				GCC_WARN_UNINITIALIZED_AUTOS = YES_AGGRESSIVE;
				GCC_WARN_UNUSED_FUNCTION = YES;
				GCC_WARN_UNUSED_VARIABLE = YES;
				MACOSX_DEPLOYMENT_TARGET = 13.1;
				MTL_ENABLE_DEBUG_INFO = INCLUDE_SOURCE;
				MTL_FAST_MATH = YES;
				ONLY_ACTIVE_ARCH = YES;
				SDKROOT = macosx;
				SWIFT_ACTIVE_COMPILATION_CONDITIONS = DEBUG;
				SWIFT_OPTIMIZATION_LEVEL = "-Onone";
			};
			name = Debug;
		};
		048EB18E29E4EDA600131673 /* Release */ = {
			isa = XCBuildConfiguration;
			buildSettings = {
				ALWAYS_SEARCH_USER_PATHS = NO;
				CLANG_ANALYZER_NONNULL = YES;
				CLANG_ANALYZER_NUMBER_OBJECT_CONVERSION = YES_AGGRESSIVE;
				CLANG_CXX_LANGUAGE_STANDARD = "gnu++20";
				CLANG_ENABLE_MODULES = YES;
				CLANG_ENABLE_OBJC_ARC = YES;
				CLANG_ENABLE_OBJC_WEAK = YES;
				CLANG_WARN_BLOCK_CAPTURE_AUTORELEASING = YES;
				CLANG_WARN_BOOL_CONVERSION = YES;
				CLANG_WARN_COMMA = YES;
				CLANG_WARN_CONSTANT_CONVERSION = YES;
				CLANG_WARN_DEPRECATED_OBJC_IMPLEMENTATIONS = YES;
				CLANG_WARN_DIRECT_OBJC_ISA_USAGE = YES_ERROR;
				CLANG_WARN_DOCUMENTATION_COMMENTS = YES;
				CLANG_WARN_EMPTY_BODY = YES;
				CLANG_WARN_ENUM_CONVERSION = YES;
				CLANG_WARN_INFINITE_RECURSION = YES;
				CLANG_WARN_INT_CONVERSION = YES;
				CLANG_WARN_NON_LITERAL_NULL_CONVERSION = YES;
				CLANG_WARN_OBJC_IMPLICIT_RETAIN_SELF = YES;
				CLANG_WARN_OBJC_LITERAL_CONVERSION = YES;
				CLANG_WARN_OBJC_ROOT_CLASS = YES_ERROR;
				CLANG_WARN_QUOTED_INCLUDE_IN_FRAMEWORK_HEADER = YES;
				CLANG_WARN_RANGE_LOOP_ANALYSIS = YES;
				CLANG_WARN_STRICT_PROTOTYPES = YES;
				CLANG_WARN_SUSPICIOUS_MOVE = YES;
				CLANG_WARN_UNGUARDED_AVAILABILITY = YES_AGGRESSIVE;
				CLANG_WARN_UNREACHABLE_CODE = YES;
				CLANG_WARN__DUPLICATE_METHOD_MATCH = YES;
				COPY_PHASE_STRIP = NO;
				DEBUG_INFORMATION_FORMAT = "dwarf-with-dsym";
				ENABLE_NS_ASSERTIONS = NO;
				ENABLE_STRICT_OBJC_MSGSEND = YES;
				GCC_C_LANGUAGE_STANDARD = gnu11;
				GCC_NO_COMMON_BLOCKS = YES;
				GCC_WARN_64_TO_32_BIT_CONVERSION = YES;
				GCC_WARN_ABOUT_RETURN_TYPE = YES_ERROR;
				GCC_WARN_UNDECLARED_SELECTOR = YES;
				GCC_WARN_UNINITIALIZED_AUTOS = YES_AGGRESSIVE;
				GCC_WARN_UNUSED_FUNCTION = YES;
				GCC_WARN_UNUSED_VARIABLE = YES;
				MACOSX_DEPLOYMENT_TARGET = 13.1;
				MTL_ENABLE_DEBUG_INFO = NO;
				MTL_FAST_MATH = YES;
				SDKROOT = macosx;
				SWIFT_COMPILATION_MODE = wholemodule;
				SWIFT_OPTIMIZATION_LEVEL = "-O";
			};
			name = Release;
		};
		048EB19029E4EDA600131673 /* Debug */ = {
			isa = XCBuildConfiguration;
			buildSettings = {
				ASSETCATALOG_COMPILER_APPICON_NAME = AppIcon;
				ASSETCATALOG_COMPILER_GLOBAL_ACCENT_COLOR_NAME = AccentColor;
				CODE_SIGN_ENTITLEMENTS = "0706012110018-Vebrillia Santoso-AFL3/_706012110018_Vebrillia_Santoso_AFL3.entitlements";
				CODE_SIGN_STYLE = Automatic;
				COMBINE_HIDPI_IMAGES = YES;
				CURRENT_PROJECT_VERSION = 1;
				DEVELOPMENT_ASSET_PATHS = "\"0706012110018-Vebrillia Santoso-AFL3/Preview Content\"";
				DEVELOPMENT_TEAM = 4C9DP8TQPJ;
				ENABLE_HARDENED_RUNTIME = YES;
				ENABLE_PREVIEWS = YES;
				GENERATE_INFOPLIST_FILE = YES;
				INFOPLIST_KEY_NSHumanReadableCopyright = "";
				INFOPLIST_KEY_UISupportedInterfaceOrientations = UIInterfaceOrientationPortrait;
				LD_RUNPATH_SEARCH_PATHS = (
					"$(inherited)",
					"@executable_path/../Frameworks",
				);
				MARKETING_VERSION = 1.0;
				PRODUCT_BUNDLE_IDENTIFIER = "com.vebrilliasantoso.-706012110018-Vebrillia-Santoso-AFL3";
				PRODUCT_NAME = "$(TARGET_NAME)";
				SUPPORTED_PLATFORMS = "iphoneos iphonesimulator";
				SUPPORTS_MACCATALYST = NO;
				SUPPORTS_MAC_DESIGNED_FOR_IPHONE_IPAD = NO;
				SWIFT_EMIT_LOC_STRINGS = YES;
				SWIFT_VERSION = 5.0;
				TARGETED_DEVICE_FAMILY = 1;
			};
			name = Debug;
		};
		048EB19129E4EDA600131673 /* Release */ = {
			isa = XCBuildConfiguration;
			buildSettings = {
				ASSETCATALOG_COMPILER_APPICON_NAME = AppIcon;
				ASSETCATALOG_COMPILER_GLOBAL_ACCENT_COLOR_NAME = AccentColor;
				CODE_SIGN_ENTITLEMENTS = "0706012110018-Vebrillia Santoso-AFL3/_706012110018_Vebrillia_Santoso_AFL3.entitlements";
				CODE_SIGN_STYLE = Automatic;
				COMBINE_HIDPI_IMAGES = YES;
				CURRENT_PROJECT_VERSION = 1;
				DEVELOPMENT_ASSET_PATHS = "\"0706012110018-Vebrillia Santoso-AFL3/Preview Content\"";
				DEVELOPMENT_TEAM = 4C9DP8TQPJ;
				ENABLE_HARDENED_RUNTIME = YES;
				ENABLE_PREVIEWS = YES;
				GENERATE_INFOPLIST_FILE = YES;
				INFOPLIST_KEY_NSHumanReadableCopyright = "";
				INFOPLIST_KEY_UISupportedInterfaceOrientations = UIInterfaceOrientationPortrait;
				LD_RUNPATH_SEARCH_PATHS = (
					"$(inherited)",
					"@executable_path/../Frameworks",
				);
				MARKETING_VERSION = 1.0;
				PRODUCT_BUNDLE_IDENTIFIER = "com.vebrilliasantoso.-706012110018-Vebrillia-Santoso-AFL3";
				PRODUCT_NAME = "$(TARGET_NAME)";
				SUPPORTED_PLATFORMS = "iphoneos iphonesimulator";
				SUPPORTS_MACCATALYST = NO;
				SUPPORTS_MAC_DESIGNED_FOR_IPHONE_IPAD = NO;
				SWIFT_EMIT_LOC_STRINGS = YES;
				SWIFT_VERSION = 5.0;
				TARGETED_DEVICE_FAMILY = 1;
			};
			name = Release;
		};
/* End XCBuildConfiguration section */

/* Begin XCConfigurationList section */
		048EB17B29E4EDA300131673 /* Build configuration list for PBXProject "0706012110018-Vebrillia Santoso-AFL3" */ = {
			isa = XCConfigurationList;
			buildConfigurations = (
				048EB18D29E4EDA600131673 /* Debug */,
				048EB18E29E4EDA600131673 /* Release */,
			);
			defaultConfigurationIsVisible = 0;
			defaultConfigurationName = Release;
		};
		048EB18F29E4EDA600131673 /* Build configuration list for PBXNativeTarget "0706012110018-Vebrillia Santoso-AFL3" */ = {
			isa = XCConfigurationList;
			buildConfigurations = (
				048EB19029E4EDA600131673 /* Debug */,
				048EB19129E4EDA600131673 /* Release */,
			);
			defaultConfigurationIsVisible = 0;
			defaultConfigurationName = Release;
		};
/* End XCConfigurationList section */
	};
	rootObject = 048EB17829E4EDA300131673 /* Project object */;
}
